
Microsoft Visual Studio Solution File, Format Version 12.00
# Visual Studio 2012
Project("{FAE04EC0-301F-11D3-BF4B-00C04F79EFBC}") = "CourseManager", "CourseManager\CourseManager.csproj", "{4CF3B38A-216B-4BF8-8949-1A9254C559DA}"
EndProject
Global
	GlobalSection(SolutionConfigurationPlatforms) = preSolution
		Debug|Any CPU = Debug|Any CPU
		Release|Any CPU = Release|Any CPU
	EndGlobalSection
	GlobalSection(ProjectConfigurationPlatforms) = postSolution
		{4CF3B38A-216B-4BF8-8949-1A9254C559DA}.Debug|Any CPU.ActiveCfg = Debug|Any CPU
		{4CF3B38A-216B-4BF8-8949-1A9254C559DA}.Debug|Any CPU.Build.0 = Debug|Any CPU
		{4CF3B38A-216B-4BF8-8949-1A9254C559DA}.Release|Any CPU.ActiveCfg = Release|Any CPU
		{4CF3B38A-216B-4BF8-8949-1A9254C559DA}.Release|Any CPU.Build.0 = Release|Any CPU
	EndGlobalSection
	GlobalSection(SolutionProperties) = preSolution
		HideSolutionNode = FALSE
	EndGlobalSection
EndGlobal
